
Microsoft Visual Studio Solution File, Format Version 12.00
# Visual Studio Version 16
VisualStudioVersion = 16.0.32106.194
MinimumVisualStudioVersion = 10.0.40219.1
Project("{9A19103F-16F7-4668-BE54-9A1E7A4F7556}") = "ProiectOA", "ProiectOA.csproj", "{18DEA850-191F-4657-8BF6-64FA13122246}"
EndProject
Global
	GlobalSection(SolutionConfigurationPlatforms) = preSolution
		Debug|Any CPU = Debug|Any CPU
		Release|Any CPU = Release|Any CPU
	EndGlobalSection
	GlobalSection(ProjectConfigurationPlatforms) = postSolution
		{18DEA850-191F-4657-8BF6-64FA13122246}.Debug|Any CPU.ActiveCfg = Debug|Any CPU
		{18DEA850-191F-4657-8BF6-64FA13122246}.Debug|Any CPU.Build.0 = Debug|Any CPU
		{18DEA850-191F-4657-8BF6-64FA13122246}.Release|Any CPU.ActiveCfg = Release|Any CPU
		{18DEA850-191F-4657-8BF6-64FA13122246}.Release|Any CPU.Build.0 = Release|Any CPU
	EndGlobalSection
	GlobalSection(SolutionProperties) = preSolution
		HideSolutionNode = FALSE
	EndGlobalSection
	GlobalSection(ExtensibilityGlobals) = postSolution
		SolutionGuid = {538FB921-287C-4060-B28C-F38C69FC7A95}
	EndGlobalSection
EndGlobal
